PODS:
  - AgoraAudio_iOS (4.4.0):
    - AgoraAudio_iOS/AIAEC (= 4.4.0)
    - AgoraAudio_iOS/AIAECLL (= 4.4.0)
    - AgoraAudio_iOS/AINS (= 4.4.0)
    - AgoraAudio_iOS/AINSLL (= 4.4.0)
    - AgoraAudio_iOS/AudioBeauty (= 4.4.0)
    - AgoraAudio_iOS/LipSync (= 4.4.0)
    - AgoraAudio_iOS/RtcBasic (= 4.4.0)
    - AgoraAudio_iOS/SpatialAudio (= 4.4.0)
  - AgoraAudio_iOS/AIAEC (4.4.0)
  - AgoraAudio_iOS/AIAECLL (4.4.0)
  - AgoraAudio_iOS/AINS (4.4.0)
  - AgoraAudio_iOS/AINSLL (4.4.0)
  - AgoraAudio_iOS/AudioBeauty (4.4.0)
  - AgoraAudio_iOS/LipSync (4.4.0)
  - AgoraAudio_iOS/RtcBasic (4.4.0)
  - AgoraAudio_iOS/SpatialAudio (4.4.0)

DEPENDENCIES:
  - AgoraAudio_iOS (= 4.4.0)

SPEC REPOS:
  trunk:
    - AgoraAudio_iOS

SPEC CHECKSUMS:
  AgoraAudio_iOS: 2736320cfbd3bc490e8a4fff2b09bd523e8c0809

PODFILE CHECKSUM: fd324e9745cab937c6e1cf9fbda0e177445d1c47

COCOAPODS: 1.16.2
